// !$*UTF8*$!
{
	archiveVersion = 1;
	classes = {
	};
	objectVersion = 56;
	objects = {

/* Begin PBXBuildFile section */
		30033B2F2C60AFCB007DBE0A /* CoreDataManager.swift in Sources */ = {isa = PBXBuildFile; fileRef = 30033B2E2C60AFCB007DBE0A /* CoreDataManager.swift */; };
		30033B312C60DC69007DBE0A /* AllPlayersView.swift in Sources */ = {isa = PBXBuildFile; fileRef = 30033B302C60DC69007DBE0A /* AllPlayersView.swift */; };
		30033B342C60E6D3007DBE0A /* ViewModel.swift in Sources */ = {isa = PBXBuildFile; fileRef = 30033B332C60E6D3007DBE0A /* ViewModel.swift */; };
		30033B372C60EAD0007DBE0A /* PlayerCellView.swift in Sources */ = {isa = PBXBuildFile; fileRef = 30033B362C60EAD0007DBE0A /* PlayerCellView.swift */; };
		30033B3A2C60EB33007DBE0A /* OrangeButtonView.swift in Sources */ = {isa = PBXBuildFile; fileRef = 30033B392C60EB33007DBE0A /* OrangeButtonView.swift */; };
		30033B3C2C60ED4A007DBE0A /* PostPlayerView.swift in Sources */ = {isa = PBXBuildFile; fileRef = 30033B3B2C60ED4A007DBE0A /* PostPlayerView.swift */; };
		30033B3E2C613415007DBE0A /* AddPlayerView.swift in Sources */ = {isa = PBXBuildFile; fileRef = 30033B3D2C613415007DBE0A /* AddPlayerView.swift */; };
		30033B402C61369A007DBE0A /* TextFieldCustom.swift in Sources */ = {isa = PBXBuildFile; fileRef = 30033B3F2C61369A007DBE0A /* TextFieldCustom.swift */; };
		30033B422C613EB8007DBE0A /* PhotoPicker.swift in Sources */ = {isa = PBXBuildFile; fileRef = 30033B412C613EB8007DBE0A /* PhotoPicker.swift */; };
		30033B462C6152EF007DBE0A /* PlayersListView.swift in Sources */ = {isa = PBXBuildFile; fileRef = 30033B452C6152EF007DBE0A /* PlayersListView.swift */; };
		30033B4A2C61FD22007DBE0A /* FieldView.swift in Sources */ = {isa = PBXBuildFile; fileRef = 30033B492C61FD22007DBE0A /* FieldView.swift */; };
		3089AEF02C6014B4001EA067 /* AppDelegate.swift in Sources */ = {isa = PBXBuildFile; fileRef = 3089AEEF2C6014B4001EA067 /* AppDelegate.swift */; };
		3089AEF22C6014B4001EA067 /* SceneDelegate.swift in Sources */ = {isa = PBXBuildFile; fileRef = 3089AEF12C6014B4001EA067 /* SceneDelegate.swift */; };
		3089AEF42C6014B4001EA067 /* ViewController.swift in Sources */ = {isa = PBXBuildFile; fileRef = 3089AEF32C6014B4001EA067 /* ViewController.swift */; };
		3089AEF72C6014B4001EA067 /* Base in Resources */ = {isa = PBXBuildFile; fileRef = 3089AEF62C6014B4001EA067 /* Base */; };
		3089AEF92C6014B5001EA067 /* Assets.xcassets in Resources */ = {isa = PBXBuildFile; fileRef = 3089AEF82C6014B5001EA067 /* Assets.xcassets */; };
		3089AEFC2C6014B5001EA067 /* Base in Resources */ = {isa = PBXBuildFile; fileRef = 3089AEFB2C6014B5001EA067 /* Base */; };
		3089AF052C6014EC001EA067 /* MainView.swift in Sources */ = {isa = PBXBuildFile; fileRef = 3089AF042C6014EC001EA067 /* MainView.swift */; };
		3089AF092C601673001EA067 /* SoccerDraft.xcdatamodeld in Sources */ = {isa = PBXBuildFile; fileRef = 3089AF072C601673001EA067 /* SoccerDraft.xcdatamodeld */; };
		3089AF0B2C601746001EA067 /* Player.swift in Sources */ = {isa = PBXBuildFile; fileRef = 3089AF0A2C601746001EA067 /* Player.swift */; };
		3089AF0D2C6017D4001EA067 /* UIImageTransformer.swift in Sources */ = {isa = PBXBuildFile; fileRef = 3089AF0C2C6017D4001EA067 /* UIImageTransformer.swift */; };
/* End PBXBuildFile section */

/* Begin PBXFileReference section */
		30033B2E2C60AFCB007DBE0A /* CoreDataManager.swift */ = {isa = PBXFileReference; lastKnownFileType = sourcecode.swift; path = CoreDataManager.swift; sourceTree = "<group>"; };
		30033B302C60DC69007DBE0A /* AllPlayersView.swift */ = {isa = PBXFileReference; lastKnownFileType = sourcecode.swift; path = AllPlayersView.swift; sourceTree = "<group>"; };
		30033B332C60E6D3007DBE0A /* ViewModel.swift */ = {isa = PBXFileReference; lastKnownFileType = sourcecode.swift; path = ViewModel.swift; sourceTree = "<group>"; };
		30033B362C60EAD0007DBE0A /* PlayerCellView.swift */ = {isa = PBXFileReference; lastKnownFileType = sourcecode.swift; path = PlayerCellView.swift; sourceTree = "<group>"; };
		30033B392C60EB33007DBE0A /* OrangeButtonView.swift */ = {isa = PBXFileReference; lastKnownFileType = sourcecode.swift; path = OrangeButtonView.swift; sourceTree = "<group>"; };
		30033B3B2C60ED4A007DBE0A /* PostPlayerView.swift */ = {isa = PBXFileReference; lastKnownFileType = sourcecode.swift; path = PostPlayerView.swift; sourceTree = "<group>"; };
		30033B3D2C613415007DBE0A /* AddPlayerView.swift */ = {isa = PBXFileReference; lastKnownFileType = sourcecode.swift; path = AddPlayerView.swift; sourceTree = "<group>"; };
		30033B3F2C61369A007DBE0A /* TextFieldCustom.swift */ = {isa = PBXFileReference; lastKnownFileType = sourcecode.swift; path = TextFieldCustom.swift; sourceTree = "<group>"; };
		30033B412C613EB8007DBE0A /* PhotoPicker.swift */ = {isa = PBXFileReference; fileEncoding = 4; lastKnownFileType = sourcecode.swift; path = PhotoPicker.swift; sourceTree = "<group>"; };
		30033B452C6152EF007DBE0A /* PlayersListView.swift */ = {isa = PBXFileReference; fileEncoding = 4; lastKnownFileType = sourcecode.swift; path = PlayersListView.swift; sourceTree = "<group>"; };
		30033B492C61FD22007DBE0A /* FieldView.swift */ = {isa = PBXFileReference; lastKnownFileType = sourcecode.swift; path = FieldView.swift; sourceTree = "<group>"; };
		3089AEEC2C6014B4001EA067 /* SoccerDraft.app */ = {isa = PBXFileReference; explicitFileType = wrapper.application; includeInIndex = 0; path = SoccerDraft.app; sourceTree = BUILT_PRODUCTS_DIR; };
		3089AEEF2C6014B4001EA067 /* AppDelegate.swift */ = {isa = PBXFileReference; lastKnownFileType = sourcecode.swift; path = AppDelegate.swift; sourceTree = "<group>"; };
		3089AEF12C6014B4001EA067 /* SceneDelegate.swift */ = {isa = PBXFileReference; lastKnownFileType = sourcecode.swift; path = SceneDelegate.swift; sourceTree = "<group>"; };
		3089AEF32C6014B4001EA067 /* ViewController.swift */ = {isa = PBXFileReference; lastKnownFileType = sourcecode.swift; path = ViewController.swift; sourceTree = "<group>"; };
		3089AEF62C6014B4001EA067 /* Base */ = {isa = PBXFileReference; lastKnownFileType = file.storyboard; name = Base; path = Base.lproj/Main.storyboard; sourceTree = "<group>"; };
		3089AEF82C6014B5001EA067 /* Assets.xcassets */ = {isa = PBXFileReference; lastKnownFileType = folder.assetcatalog; path = Assets.xcassets; sourceTree = "<group>"; };
		3089AEFB2C6014B5001EA067 /* Base */ = {isa = PBXFileReference; lastKnownFileType = file.storyboard; name = Base; path = Base.lproj/LaunchScreen.storyboard; sourceTree = "<group>"; };
		3089AEFD2C6014B5001EA067 /* Info.plist */ = {isa = PBXFileReference; lastKnownFileType = text.plist.xml; path = Info.plist; sourceTree = "<group>"; };
		3089AF042C6014EC001EA067 /* MainView.swift */ = {isa = PBXFileReference; lastKnownFileType = sourcecode.swift; path = MainView.swift; sourceTree = "<group>"; };
		3089AF082C601673001EA067 /* SoccerDraft.xcdatamodel */ = {isa = PBXFileReference; lastKnownFileType = wrapper.xcdatamodel; path = SoccerDraft.xcdatamodel; sourceTree = "<group>"; };
		3089AF0A2C601746001EA067 /* Player.swift */ = {isa = PBXFileReference; lastKnownFileType = sourcecode.swift; path = Player.swift; sourceTree = "<group>"; };
		3089AF0C2C6017D4001EA067 /* UIImageTransformer.swift */ = {isa = PBXFileReference; fileEncoding = 4; lastKnownFileType = sourcecode.swift; path = UIImageTransformer.swift; sourceTree = "<group>"; };
/* End PBXFileReference section */

/* Begin PBXFrameworksBuildPhase section */
		3089AEE92C6014B4001EA067 /* Frameworks */ = {
			isa = PBXFrameworksBuildPhase;
			buildActionMask = 2147483647;
			files = (
			);
			runOnlyForDeploymentPostprocessing = 0;
		};
/* End PBXFrameworksBuildPhase section */

/* Begin PBXGroup section */
		30033B322C60E6BB007DBE0A /* ViewModel */ = {
			isa = PBXGroup;
			children = (
				30033B332C60E6D3007DBE0A /* ViewModel.swift */,
			);
			path = ViewModel;
			sourceTree = "<group>";
		};
		30033B352C60EAC0007DBE0A /* Cells */ = {
			isa = PBXGroup;
			children = (
				30033B362C60EAD0007DBE0A /* PlayerCellView.swift */,
			);
			path = Cells;
			sourceTree = "<group>";
		};
		30033B382C60EB17007DBE0A /* Helpers */ = {
			isa = PBXGroup;
			children = (
				30033B412C613EB8007DBE0A /* PhotoPicker.swift */,
				30033B392C60EB33007DBE0A /* OrangeButtonView.swift */,
				30033B3B2C60ED4A007DBE0A /* PostPlayerView.swift */,
				30033B3F2C61369A007DBE0A /* TextFieldCustom.swift */,
				30033B452C6152EF007DBE0A /* PlayersListView.swift */,
			);
			path = Helpers;
			sourceTree = "<group>";
		};
		3089AEE32C6014B4001EA067 = {
			isa = PBXGroup;
			children = (
				3089AEEE2C6014B4001EA067 /* SoccerDraft */,
				3089AEED2C6014B4001EA067 /* Products */,
			);
			sourceTree = "<group>";
		};
		3089AEED2C6014B4001EA067 /* Products */ = {
			isa = PBXGroup;
			children = (
				3089AEEC2C6014B4001EA067 /* SoccerDraft.app */,
			);
			name = Products;
			sourceTree = "<group>";
		};
		3089AEEE2C6014B4001EA067 /* SoccerDraft */ = {
			isa = PBXGroup;
			children = (
				30033B382C60EB17007DBE0A /* Helpers */,
				30033B352C60EAC0007DBE0A /* Cells */,
				30033B322C60E6BB007DBE0A /* ViewModel */,
				3089AF062C60165E001EA067 /* CoreData */,
				3089AF032C6014CF001EA067 /* View */,
				3089AEEF2C6014B4001EA067 /* AppDelegate.swift */,
				3089AEF12C6014B4001EA067 /* SceneDelegate.swift */,
				3089AEF32C6014B4001EA067 /* ViewController.swift */,
				3089AEF52C6014B4001EA067 /* Main.storyboard */,
				3089AEF82C6014B5001EA067 /* Assets.xcassets */,
				3089AEFA2C6014B5001EA067 /* LaunchScreen.storyboard */,
				3089AEFD2C6014B5001EA067 /* Info.plist */,
			);
			path = SoccerDraft;
			sourceTree = "<group>";
		};
		3089AF032C6014CF001EA067 /* View */ = {
			isa = PBXGroup;
			children = (
				3089AF042C6014EC001EA067 /* MainView.swift */,
				30033B302C60DC69007DBE0A /* AllPlayersView.swift */,
				30033B3D2C613415007DBE0A /* AddPlayerView.swift */,
				30033B492C61FD22007DBE0A /* FieldView.swift */,
			);
			path = View;
			sourceTree = "<group>";
		};
		3089AF062C60165E001EA067 /* CoreData */ = {
			isa = PBXGroup;
			children = (
				3089AF072C601673001EA067 /* SoccerDraft.xcdatamodeld */,
				3089AF0C2C6017D4001EA067 /* UIImageTransformer.swift */,
				3089AF0A2C601746001EA067 /* Player.swift */,
				30033B2E2C60AFCB007DBE0A /* CoreDataManager.swift */,
			);
			path = CoreData;
			sourceTree = "<group>";
		};
/* End PBXGroup section */

/* Begin PBXNativeTarget section */
		3089AEEB2C6014B4001EA067 /* SoccerDraft */ = {
			isa = PBXNativeTarget;
			buildConfigurationList = 3089AF002C6014B5001EA067 /* Build configuration list for PBXNativeTarget "SoccerDraft" */;
			buildPhases = (
				3089AEE82C6014B4001EA067 /* Sources */,
				3089AEE92C6014B4001EA067 /* Frameworks */,
				3089AEEA2C6014B4001EA067 /* Resources */,
			);
			buildRules = (
			);
			dependencies = (
			);
			name = SoccerDraft;
			productName = SoccerDraft;
			productReference = 3089AEEC2C6014B4001EA067 /* SoccerDraft.app */;
			productType = "com.apple.product-type.application";
		};
/* End PBXNativeTarget section */

/* Begin PBXProject section */
		3089AEE42C6014B4001EA067 /* Project object */ = {
			isa = PBXProject;
			attributes = {
				BuildIndependentTargetsInParallel = 1;
				LastSwiftUpdateCheck = 1530;
				LastUpgradeCheck = 1530;
				TargetAttributes = {
					3089AEEB2C6014B4001EA067 = {
						CreatedOnToolsVersion = 15.3;
					};
				};
			};
			buildConfigurationList = 3089AEE72C6014B4001EA067 /* Build configuration list for PBXProject "SoccerDraft" */;
			compatibilityVersion = "Xcode 14.0";
			developmentRegion = en;
			hasScannedForEncodings = 0;
			knownRegions = (
				en,
				Base,
			);
			mainGroup = 3089AEE32C6014B4001EA067;
			productRefGroup = 3089AEED2C6014B4001EA067 /* Products */;
			projectDirPath = "";
			projectRoot = "";
			targets = (
				3089AEEB2C6014B4001EA067 /* SoccerDraft */,
			);
		};
/* End PBXProject section */

/* Begin PBXResourcesBuildPhase section */
		3089AEEA2C6014B4001EA067 /* Resources */ = {
			isa = PBXResourcesBuildPhase;
			buildActionMask = 2147483647;
			files = (
				3089AEF92C6014B5001EA067 /* Assets.xcassets in Resources */,
				3089AEFC2C6014B5001EA067 /* Base in Resources */,
				3089AEF72C6014B4001EA067 /* Base in Resources */,
			);
			runOnlyForDeploymentPostprocessing = 0;
		};
/* End PBXResourcesBuildPhase section */

/* Begin PBXSourcesBuildPhase section */
		3089AEE82C6014B4001EA067 /* Sources */ = {
			isa = PBXSourcesBuildPhase;
			buildActionMask = 2147483647;
			files = (
				30033B342C60E6D3007DBE0A /* ViewModel.swift in Sources */,
				30033B3E2C613415007DBE0A /* AddPlayerView.swift in Sources */,
				3089AF092C601673001EA067 /* SoccerDraft.xcdatamodeld in Sources */,
				30033B402C61369A007DBE0A /* TextFieldCustom.swift in Sources */,
				30033B462C6152EF007DBE0A /* PlayersListView.swift in Sources */,
				30033B422C613EB8007DBE0A /* PhotoPicker.swift in Sources */,
				30033B3C2C60ED4A007DBE0A /* PostPlayerView.swift in Sources */,
				30033B4A2C61FD22007DBE0A /* FieldView.swift in Sources */,
				3089AEF42C6014B4001EA067 /* ViewController.swift in Sources */,
				3089AF052C6014EC001EA067 /* MainView.swift in Sources */,
				30033B3A2C60EB33007DBE0A /* OrangeButtonView.swift in Sources */,
				3089AEF02C6014B4001EA067 /* AppDelegate.swift in Sources */,
				30033B312C60DC69007DBE0A /* AllPlayersView.swift in Sources */,
				3089AF0B2C601746001EA067 /* Player.swift in Sources */,
				3089AEF22C6014B4001EA067 /* SceneDelegate.swift in Sources */,
				30033B372C60EAD0007DBE0A /* PlayerCellView.swift in Sources */,
				30033B2F2C60AFCB007DBE0A /* CoreDataManager.swift in Sources */,
				3089AF0D2C6017D4001EA067 /* UIImageTransformer.swift in Sources */,
			);
			runOnlyForDeploymentPostprocessing = 0;
		};
/* End PBXSourcesBuildPhase section */

/* Begin PBXVariantGroup section */
		3089AEF52C6014B4001EA067 /* Main.storyboard */ = {
			isa = PBXVariantGroup;
			children = (
				3089AEF62C6014B4001EA067 /* Base */,
			);
			name = Main.storyboard;
			sourceTree = "<group>";
		};
		3089AEFA2C6014B5001EA067 /* LaunchScreen.storyboard */ = {
			isa = PBXVariantGroup;
			children = (
				3089AEFB2C6014B5001EA067 /* Base */,
			);
			name = LaunchScreen.storyboard;
			sourceTree = "<group>";
		};
/* End PBXVariantGroup section */

/* Begin XCBuildConfiguration section */
		3089AEFE2C6014B5001EA067 /* Debug */ = {
			isa = XCBuildConfiguration;
			buildSettings = {
				ALWAYS_SEARCH_USER_PATHS = NO;
				ASSETCATALOG_COMPILER_GENERATE_SWIFT_ASSET_SYMBOL_EXTENSIONS = YES;
				CLANG_ANALYZER_NONNULL = YES;
				CLANG_ANALYZER_NUMBER_OBJECT_CONVERSION = YES_AGGRESSIVE;
				CLANG_CXX_LANGUAGE_STANDARD = "gnu++20";
				CLANG_ENABLE_MODULES = YES;
				CLANG_ENABLE_OBJC_ARC = YES;
				CLANG_ENABLE_OBJC_WEAK = YES;
				CLANG_WARN_BLOCK_CAPTURE_AUTORELEASING = YES;
				CLANG_WARN_BOOL_CONVERSION = YES;
				CLANG_WARN_COMMA = YES;
				CLANG_WARN_CONSTANT_CONVERSION = YES;
				CLANG_WARN_DEPRECATED_OBJC_IMPLEMENTATIONS = YES;
				CLANG_WARN_DIRECT_OBJC_ISA_USAGE = YES_ERROR;
				CLANG_WARN_DOCUMENTATION_COMMENTS = YES;
				CLANG_WARN_EMPTY_BODY = YES;
				CLANG_WARN_ENUM_CONVERSION = YES;
				CLANG_WARN_INFINITE_RECURSION = YES;
				CLANG_WARN_INT_CONVERSION = YES;
				CLANG_WARN_NON_LITERAL_NULL_CONVERSION = YES;
				CLANG_WARN_OBJC_IMPLICIT_RETAIN_SELF = YES;
				CLANG_WARN_OBJC_LITERAL_CONVERSION = YES;
				CLANG_WARN_OBJC_ROOT_CLASS = YES_ERROR;
				CLANG_WARN_QUOTED_INCLUDE_IN_FRAMEWORK_HEADER = YES;
				CLANG_WARN_RANGE_LOOP_ANALYSIS = YES;
				CLANG_WARN_STRICT_PROTOTYPES = YES;
				CLANG_WARN_SUSPICIOUS_MOVE = YES;
				CLANG_WARN_UNGUARDED_AVAILABILITY = YES_AGGRESSIVE;
				CLANG_WARN_UNREACHABLE_CODE = YES;
				CLANG_WARN__DUPLICATE_METHOD_MATCH = YES;
				COPY_PHASE_STRIP = NO;
				DEBUG_INFORMATION_FORMAT = dwarf;
				ENABLE_STRICT_OBJC_MSGSEND = YES;
				ENABLE_TESTABILITY = YES;
				ENABLE_USER_SCRIPT_SANDBOXING = YES;
				GCC_C_LANGUAGE_STANDARD = gnu17;
				GCC_DYNAMIC_NO_PIC = NO;
				GCC_NO_COMMON_BLOCKS = YES;
				GCC_OPTIMIZATION_LEVEL = 0;
				GCC_PREPROCESSOR_DEFINITIONS = (
					"DEBUG=1",
					"$(inherited)",
				);
				GCC_WARN_64_TO_32_BIT_CONVERSION = YES;
				GCC_WARN_ABOUT_RETURN_TYPE = YES_ERROR;
				GCC_WARN_UNDECLARED_SELECTOR = YES;
				GCC_WARN_UNINITIALIZED_AUTOS = YES_AGGRESSIVE;
				GCC_WARN_UNUSED_FUNCTION = YES;
				GCC_WARN_UNUSED_VARIABLE = YES;
				IPHONEOS_DEPLOYMENT_TARGET = 17.4;
				LOCALIZATION_PREFERS_STRING_CATALOGS = YES;
				MTL_ENABLE_DEBUG_INFO = INCLUDE_SOURCE;
				MTL_FAST_MATH = YES;
				ONLY_ACTIVE_ARCH = YES;
				SDKROOT = iphoneos;
				SWIFT_ACTIVE_COMPILATION_CONDITIONS = "DEBUG $(inherited)";
				SWIFT_OPTIMIZATION_LEVEL = "-Onone";
			};
			name = Debug;
		};
		3089AEFF2C6014B5001EA067 /* Release */ = {
			isa = XCBuildConfiguration;
			buildSettings = {
				ALWAYS_SEARCH_USER_PATHS = NO;
				ASSETCATALOG_COMPILER_GENERATE_SWIFT_ASSET_SYMBOL_EXTENSIONS = YES;
				CLANG_ANALYZER_NONNULL = YES;
				CLANG_ANALYZER_NUMBER_OBJECT_CONVERSION = YES_AGGRESSIVE;
				CLANG_CXX_LANGUAGE_STANDARD = "gnu++20";
				CLANG_ENABLE_MODULES = YES;
				CLANG_ENABLE_OBJC_ARC = YES;
				CLANG_ENABLE_OBJC_WEAK = YES;
				CLANG_WARN_BLOCK_CAPTURE_AUTORELEASING = YES;
				CLANG_WARN_BOOL_CONVERSION = YES;
				CLANG_WARN_COMMA = YES;
				CLANG_WARN_CONSTANT_CONVERSION = YES;
				CLANG_WARN_DEPRECATED_OBJC_IMPLEMENTATIONS = YES;
				CLANG_WARN_DIRECT_OBJC_ISA_USAGE = YES_ERROR;
				CLANG_WARN_DOCUMENTATION_COMMENTS = YES;
				CLANG_WARN_EMPTY_BODY = YES;
				CLANG_WARN_ENUM_CONVERSION = YES;
				CLANG_WARN_INFINITE_RECURSION = YES;
				CLANG_WARN_INT_CONVERSION = YES;
				CLANG_WARN_NON_LITERAL_NULL_CONVERSION = YES;
				CLANG_WARN_OBJC_IMPLICIT_RETAIN_SELF = YES;
				CLANG_WARN_OBJC_LITERAL_CONVERSION = YES;
				CLANG_WARN_OBJC_ROOT_CLASS = YES_ERROR;
				CLANG_WARN_QUOTED_INCLUDE_IN_FRAMEWORK_HEADER = YES;
				CLANG_WARN_RANGE_LOOP_ANALYSIS = YES;
				CLANG_WARN_STRICT_PROTOTYPES = YES;
				CLANG_WARN_SUSPICIOUS_MOVE = YES;
				CLANG_WARN_UNGUARDED_AVAILABILITY = YES_AGGRESSIVE;
				CLANG_WARN_UNREACHABLE_CODE = YES;
				CLANG_WARN__DUPLICATE_METHOD_MATCH = YES;
				COPY_PHASE_STRIP = NO;
				DEBUG_INFORMATION_FORMAT = "dwarf-with-dsym";
				ENABLE_NS_ASSERTIONS = NO;
				ENABLE_STRICT_OBJC_MSGSEND = YES;
				ENABLE_USER_SCRIPT_SANDBOXING = YES;
				GCC_C_LANGUAGE_STANDARD = gnu17;
				GCC_NO_COMMON_BLOCKS = YES;
				GCC_WARN_64_TO_32_BIT_CONVERSION = YES;
				GCC_WARN_ABOUT_RETURN_TYPE = YES_ERROR;
				GCC_WARN_UNDECLARED_SELECTOR = YES;
				GCC_WARN_UNINITIALIZED_AUTOS = YES_AGGRESSIVE;
				GCC_WARN_UNUSED_FUNCTION = YES;
				GCC_WARN_UNUSED_VARIABLE = YES;
				IPHONEOS_DEPLOYMENT_TARGET = 17.4;
				LOCALIZATION_PREFERS_STRING_CATALOGS = YES;
				MTL_ENABLE_DEBUG_INFO = NO;
				MTL_FAST_MATH = YES;
				SDKROOT = iphoneos;
				SWIFT_COMPILATION_MODE = wholemodule;
				VALIDATE_PRODUCT = YES;
			};
			name = Release;
		};
		3089AF012C6014B5001EA067 /* Debug */ = {
			isa = XCBuildConfiguration;
			buildSettings = {
				ASSETCATALOG_COMPILER_APPICON_NAME = AppIcon;
				ASSETCATALOG_COMPILER_GLOBAL_ACCENT_COLOR_NAME = AccentColor;
				CODE_SIGN_STYLE = Automatic;
				CURRENT_PROJECT_VERSION = 1;
				GENERATE_INFOPLIST_FILE = YES;
				INFOPLIST_FILE = SoccerDraft/Info.plist;
				INFOPLIST_KEY_UIApplicationSupportsIndirectInputEvents = YES;
				INFOPLIST_KEY_UILaunchStoryboardName = LaunchScreen;
				INFOPLIST_KEY_UIMainStoryboardFile = Main;
				INFOPLIST_KEY_UISupportedInterfaceOrientations = UIInterfaceOrientationPortrait;
				INFOPLIST_KEY_UISupportedInterfaceOrientations_iPad = "UIInterfaceOrientationLandscapeLeft UIInterfaceOrientationLandscapeRight UIInterfaceOrientationPortrait UIInterfaceOrientationPortraitUpsideDown";
				IPHONEOS_DEPLOYMENT_TARGET = 15.0;
				LD_RUNPATH_SEARCH_PATHS = (
					"$(inherited)",
					"@executable_path/Frameworks",
				);
				MARKETING_VERSION = 1.0;
				PRODUCT_BUNDLE_IDENTIFIER = home.SoccerDraft;
				PRODUCT_NAME = "$(TARGET_NAME)";
				SUPPORTED_PLATFORMS = "iphoneos iphonesimulator";
				SUPPORTS_MACCATALYST = NO;
				SUPPORTS_MAC_DESIGNED_FOR_IPHONE_IPAD = NO;
				SUPPORTS_XR_DESIGNED_FOR_IPHONE_IPAD = NO;
				SWIFT_EMIT_LOC_STRINGS = YES;
				SWIFT_VERSION = 5.0;
				TARGETED_DEVICE_FAMILY = 1;
			};
			name = Debug;
		};
		3089AF022C6014B5001EA067 /* Release */ = {
			isa = XCBuildConfiguration;
			buildSettings = {
				ASSETCATALOG_COMPILER_APPICON_NAME = AppIcon;
				ASSETCATALOG_COMPILER_GLOBAL_ACCENT_COLOR_NAME = AccentColor;
				CODE_SIGN_STYLE = Automatic;
				CURRENT_PROJECT_VERSION = 1;
				GENERATE_INFOPLIST_FILE = YES;
				INFOPLIST_FILE = SoccerDraft/Info.plist;
				INFOPLIST_KEY_UIApplicationSupportsIndirectInputEvents = YES;
				INFOPLIST_KEY_UILaunchStoryboardName = LaunchScreen;
				INFOPLIST_KEY_UIMainStoryboardFile = Main;
				INFOPLIST_KEY_UISupportedInterfaceOrientations = UIInterfaceOrientationPortrait;
				INFOPLIST_KEY_UISupportedInterfaceOrientations_iPad = "UIInterfaceOrientationLandscapeLeft UIInterfaceOrientationLandscapeRight UIInterfaceOrientationPortrait UIInterfaceOrientationPortraitUpsideDown";
				IPHONEOS_DEPLOYMENT_TARGET = 15.0;
				LD_RUNPATH_SEARCH_PATHS = (
					"$(inherited)",
					"@executable_path/Frameworks",
				);
				MARKETING_VERSION = 1.0;
				PRODUCT_BUNDLE_IDENTIFIER = home.SoccerDraft;
				PRODUCT_NAME = "$(TARGET_NAME)";
				SUPPORTED_PLATFORMS = "iphoneos iphonesimulator";
				SUPPORTS_MACCATALYST = NO;
				SUPPORTS_MAC_DESIGNED_FOR_IPHONE_IPAD = NO;
				SUPPORTS_XR_DESIGNED_FOR_IPHONE_IPAD = NO;
				SWIFT_EMIT_LOC_STRINGS = YES;
				SWIFT_VERSION = 5.0;
				TARGETED_DEVICE_FAMILY = 1;
			};
			name = Release;
		};
/* End XCBuildConfiguration section */

/* Begin XCConfigurationList section */
		3089AEE72C6014B4001EA067 /* Build configuration list for PBXProject "SoccerDraft" */ = {
			isa = XCConfigurationList;
			buildConfigurations = (
				3089AEFE2C6014B5001EA067 /* Debug */,
				3089AEFF2C6014B5001EA067 /* Release */,
			);
			defaultConfigurationIsVisible = 0;
			defaultConfigurationName = Release;
		};
		3089AF002C6014B5001EA067 /* Build configuration list for PBXNativeTarget "SoccerDraft" */ = {
			isa = XCConfigurationList;
			buildConfigurations = (
				3089AF012C6014B5001EA067 /* Debug */,
				3089AF022C6014B5001EA067 /* Release */,
			);
			defaultConfigurationIsVisible = 0;
			defaultConfigurationName = Release;
		};
/* End XCConfigurationList section */

/* Begin XCVersionGroup section */
		3089AF072C601673001EA067 /* SoccerDraft.xcdatamodeld */ = {
			isa = XCVersionGroup;
			children = (
				3089AF082C601673001EA067 /* SoccerDraft.xcdatamodel */,
			);
			currentVersion = 3089AF082C601673001EA067 /* SoccerDraft.xcdatamodel */;
			name = SoccerDraft.xcdatamodeld;
			path = /Users/roman/Downloads/XcodeProgramm/SoccerDraft/SoccerDraft/CoreData/SoccerDraft.xcdatamodeld;
			sourceTree = "<group>";
			versionGroupType = wrapper.xcdatamodel;
		};
/* End XCVersionGroup section */
	};
	rootObject = 3089AEE42C6014B4001EA067 /* Project object */;
}
